
Microsoft Visual Studio Solution File, Format Version 10.00
# Visual Studio 2008
Project("{8BC9CEB8-8B4A-11D0-8D11-00A0C91BC942}") = "c++实验三", "c++实验三\c++实验三.vcproj", "{83CF0BD7-D731-4EC6-AE8A-90F84E909909}"
EndProject
Global
	GlobalSection(SolutionConfigurationPlatforms) = preSolution
		Debug|Win32 = Debug|Win32
		Release|Win32 = Release|Win32
	EndGlobalSection
	GlobalSection(ProjectConfigurationPlatforms) = postSolution
		{83CF0BD7-D731-4EC6-AE8A-90F84E909909}.Debug|Win32.ActiveCfg = Debug|Win32
		{83CF0BD7-D731-4EC6-AE8A-90F84E909909}.Debug|Win32.Build.0 = Debug|Win32
		{83CF0BD7-D731-4EC6-AE8A-90F84E909909}.Release|Win32.ActiveCfg = Release|Win32
		{83CF0BD7-D731-4EC6-AE8A-90F84E909909}.Release|Win32.Build.0 = Release|Win32
	EndGlobalSection
	GlobalSection(SolutionProperties) = preSolution
		HideSolutionNode = FALSE
	EndGlobalSection
EndGlobal
